Microsoft Visual Studio Solution File, Format Version 12.00
# Visual Studio Version 17
VisualStudioVersion = 17.5.2.0
MinimumVisualStudioVersion = 10.0.40219.1
Project("{FAE04EC0-301F-11D3-BF4B-00C04F79EFBC}") = "LinuxServerApp", "LinuxServerApp.csproj", "{739D39D6-C854-0838-F20D-C948E5D80F51}"
EndProject
Global
	GlobalSection(SolutionConfigurationPlatforms) = preSolution
		Debug|Any CPU = Debug|Any CPU
		Release|Any CPU = Release|Any CPU
	EndGlobalSection
	GlobalSection(ProjectConfigurationPlatforms) = postSolution
		{739D39D6-C854-0838-F20D-C948E5D80F51}.Debug|Any CPU.ActiveCfg = Debug|Any CPU
		{739D39D6-C854-0838-F20D-C948E5D80F51}.Debug|Any CPU.Build.0 = Debug|Any CPU
		{739D39D6-C854-0838-F20D-C948E5D80F51}.Release|Any CPU.ActiveCfg = Release|Any CPU
		{739D39D6-C854-0838-F20D-C948E5D80F51}.Release|Any CPU.Build.0 = Release|Any CPU
	EndGlobalSection
	GlobalSection(SolutionProperties) = preSolution
		HideSolutionNode = FALSE
	EndGlobalSection
	GlobalSection(ExtensibilityGlobals) = postSolution
		SolutionGuid = {B05635E0-81BF-4A8F-9C47-49150E0917C9}
	EndGlobalSection
EndGlobal
